<?xml version="1.0" encoding="utf-8"?>
<Project ToolsVersion="4.0" xmlns="http://schemas.microsoft.com/developer/msbuild/2003">
  <ItemGroup>
    <Filter Include="Game">
      <UniqueIdentifier>{68e5b080-f229-4a6e-9dde-ced96db9380c}</UniqueIdentifier>
    </Filter>
    <Filter Include="Header">
      <UniqueIdentifier>{9439c76d-afe2-4a26-b14b-799861365aed}</UniqueIdentifier>
    </Filter>
    <Filter Include="Default">
      <UniqueIdentifier>{767daa07-b13c-4dcb-a8be-08284df273bc}</UniqueIdentifier>
    </Filter>
    <Filter Include="Game\GObject">
      <UniqueIdentifier>{be6d2539-93b8-43a9-ab9a-4c137402308e}</UniqueIdentifier>
    </Filter>
    <Filter Include="Game\Scene">
      <UniqueIdentifier>{3b59e143-9785-401b-9e06-312e0a55af53}</UniqueIdentifier>
    </Filter>
    <Filter Include="Game\Scene\Scene_Title">
      <UniqueIdentifier>{0366adc8-47df-4d31-842a-f9913cae05cc}</UniqueIdentifier>
    </Filter>
    <Filter Include="Game\Scene\Scene_01">
      <UniqueIdentifier>{6018d4ff-bfd0-4b9b-9908-26f8e71c5e72}</UniqueIdentifier>
    </Filter>
    <Filter Include="Game\Res">
      <UniqueIdentifier>{f86d45c8-6efb-443b-a32e-b959ac978083}</UniqueIdentifier>
    </Filter>
    <Filter Include="Game\Res\Texture">
      <UniqueIdentifier>{42fdc756-a77a-44f6-b20f-2c676e630970}</UniqueIdentifier>
    </Filter>
    <Filter Include="Game\PathManager">
      <UniqueIdentifier>{64f28712-2a7b-41f3-bec1-10ded5ac78c4}</UniqueIdentifier>
    </Filter>
    <Filter Include="Module">
      <UniqueIdentifier>{3fbb9305-5a77-4bb2-a6d4-cd6bcda1cf7c}</UniqueIdentifier>
    </Filter>
    <Filter Include="Game\EventManager">
      <UniqueIdentifier>{6be38a95-9fe9-4d80-a9ee-9a13eeff03da}</UniqueIdentifier>
    </Filter>
    <Filter Include="Game\Component">
      <UniqueIdentifier>{a880d863-e2bb-486e-928e-80ee64d95649}</UniqueIdentifier>
    </Filter>
    <Filter Include="Game\Camera">
      <UniqueIdentifier>{97b82e50-64b4-46d0-a5d0-80c00ced8ba1}</UniqueIdentifier>
    </Filter>
    <Filter Include="Game\GObject\RealObject">
      <UniqueIdentifier>{681b6fc7-da2e-4e93-acf0-9e1ca3910add}</UniqueIdentifier>
    </Filter>
    <Filter Include="Game\GObject\RealObject\Missile">
      <UniqueIdentifier>{97061054-36b9-4c7b-9dba-98c8a435f63c}</UniqueIdentifier>
    </Filter>
    <Filter Include="Game\GObject\RealObject\Monster">
      <UniqueIdentifier>{58c26f5a-ba54-4cfb-94a7-56468ec4998f}</UniqueIdentifier>
    </Filter>
    <Filter Include="Game\GObject\RealObject\Player">
      <UniqueIdentifier>{bc361756-1821-4e8e-89b5-0fc72bd62ac3}</UniqueIdentifier>
    </Filter>
    <Filter Include="Game\GObject\Ui">
      <UniqueIdentifier>{44bca9a2-f64d-4ce7-9d66-fe871fc3fbcc}</UniqueIdentifier>
    </Filter>
    <Filter Include="Game\GObject\Ui\PanelUi">
      <UniqueIdentifier>{950cde15-c276-4593-8d11-da9ef2eac4c6}</UniqueIdentifier>
    </Filter>
    <Filter Include="Game\GObject\Ui\ButtonUi">
      <UniqueIdentifier>{330bca74-1c3c-4727-bda3-3742a15344bf}</UniqueIdentifier>
    </Filter>
    <Filter Include="Game\GObject\Ui\ImageUi">
      <UniqueIdentifier>{2138d5b0-98d0-40fc-9a82-c0dcb6748750}</UniqueIdentifier>
    </Filter>
    <Filter Include="Game\Scene\Scene_Tool">
      <UniqueIdentifier>{83cafd75-b0fe-4d8e-8129-c40ec8820069}</UniqueIdentifier>
    </Filter>
    <Filter Include="Game\Component\Sprite">
      <UniqueIdentifier>{fc988637-1dca-415b-80ee-20677f53ba86}</UniqueIdentifier>
    </Filter>
    <Filter Include="Game\GObject\RealObject\Director">
      <UniqueIdentifier>{1ae17db6-4919-44b1-9cb1-1b986140ea7f}</UniqueIdentifier>
    </Filter>
    <Filter Include="Game\GObject\RealObject\Tile">
      <UniqueIdentifier>{18be5378-0dcb-4796-b05d-dc2dc6afdf0a}</UniqueIdentifier>
    </Filter>
    <Filter Include="Game\GObject\RealObject\Background">
      <UniqueIdentifier>{d8b3d3cf-2c52-42a7-9188-5f74c01b1aa3}</UniqueIdentifier>
    </Filter>
    <Filter Include="Game\GObject\RealObject\InvisibleWall">
      <UniqueIdentifier>{1468aee8-04b6-4632-bfc9-25a4f292dfa6}</UniqueIdentifier>
    </Filter>
    <Filter Include="Game\FileManager">
      <UniqueIdentifier>{ecb93ac5-4ead-4970-ba29-76f6445e4d86}</UniqueIdentifier>
    </Filter>
    <Filter Include="Game\Component\Animator">
      <UniqueIdentifier>{cc00a0a1-36e5-47f9-a4d6-85db3e86bbef}</UniqueIdentifier>
    </Filter>
    <Filter Include="Game\Component\Collider">
      <UniqueIdentifier>{4b7a5320-9758-45b9-85a7-be21a5bb67df}</UniqueIdentifier>
    </Filter>
    <Filter Include="Game\Component\Interactor">
      <UniqueIdentifier>{cb7d2e89-765e-48e2-915f-b06829868a38}</UniqueIdentifier>
    </Filter>
    <Filter Include="Game\Component\ControlComponent">
      <UniqueIdentifier>{106d9ea3-69eb-4bd8-b8c4-32ae0d8466e1}</UniqueIdentifier>
    </Filter>
    <Filter Include="Game\Component\PhysicsComponent">
      <UniqueIdentifier>{d5e354d5-ec84-4ec1-b701-b1cbe77e3b36}</UniqueIdentifier>
    </Filter>
  </ItemGroup>
  <ItemGroup>
    <ClInclude Include="Core.h">
      <Filter>Game</Filter>
    </ClInclude>
    <ClInclude Include="macro.h">
      <Filter>Header</Filter>
    </ClInclude>
    <ClInclude Include="global.h">
      <Filter>Header</Filter>
    </ClInclude>
    <ClInclude Include="framework.h">
      <Filter>Default</Filter>
    </ClInclude>
    <ClInclude Include="Resource.h">
      <Filter>Default</Filter>
    </ClInclude>
    <ClInclude Include="targetver.h">
      <Filter>Default</Filter>
    </ClInclude>
    <ClInclude Include="Win32Program.h">
      <Filter>Default</Filter>
    </ClInclude>
    <ClInclude Include="Time.h">
      <Filter>Game</Filter>
    </ClInclude>
    <ClInclude Include="struct.h">
      <Filter>Header</Filter>
    </ClInclude>
    <ClInclude Include="KeyManager.h">
      <Filter>Game</Filter>
    </ClInclude>
    <ClInclude Include="Scene_Title.h">
      <Filter>Game\Scene\Scene_Title</Filter>
    </ClInclude>
    <ClInclude Include="enum.h">
      <Filter>Header</Filter>
    </ClInclude>
    <ClInclude Include="Scene_01.h">
      <Filter>Game\Scene\Scene_01</Filter>
    </ClInclude>
    <ClInclude Include="Player.h">
      <Filter>Game\GObject\RealObject\Player</Filter>
    </ClInclude>
    <ClInclude Include="GObject.h">
      <Filter>Game\GObject</Filter>
    </ClInclude>
    <ClInclude Include="Scene.h">
      <Filter>Game\Scene</Filter>
    </ClInclude>
    <ClInclude Include="Monster.h">
      <Filter>Game\GObject\RealObject\Monster</Filter>
    </ClInclude>
    <ClInclude Include="Missile.h">
      <Filter>Game\GObject\RealObject\Missile</Filter>
    </ClInclude>
    <ClInclude Include="inline.h">
      <Filter>Header</Filter>
    </ClInclude>
    <ClInclude Include="Texture.h">
      <Filter>Game\Res\Texture</Filter>
    </ClInclude>
    <ClInclude Include="Res.h">
      <Filter>Game\Res</Filter>
    </ClInclude>
    <ClInclude Include="ResManager.h">
      <Filter>Game\Res</Filter>
    </ClInclude>
    <ClInclude Include="PathManager.h">
      <Filter>Game\PathManager</Filter>
    </ClInclude>
    <ClInclude Include="SceneManager.h">
      <Filter>Game\Scene</Filter>
    </ClInclude>
    <ClInclude Include="Collider.h">
      <Filter>Game\Component\Collider</Filter>
    </ClInclude>
    <ClInclude Include="SelectGdi.h">
      <Filter>Module</Filter>
    </ClInclude>
    <ClInclude Include="CollisionManager.h">
      <Filter>Game\Component\Collider</Filter>
    </ClInclude>
    <ClInclude Include="EventManager.h">
      <Filter>Game\EventManager</Filter>
    </ClInclude>
    <ClInclude Include="function.h">
      <Filter>Header</Filter>
    </ClInclude>
    <ClInclude Include="Animation.h">
      <Filter>Game\Component\Animator</Filter>
    </ClInclude>
    <ClInclude Include="Animator.h">
      <Filter>Game\Component\Animator</Filter>
    </ClInclude>
    <ClInclude Include="Camera.h">
      <Filter>Game\Camera</Filter>
    </ClInclude>
    <ClInclude Include="RealObject.h">
      <Filter>Game\GObject\RealObject</Filter>
    </ClInclude>
    <ClInclude Include="Ui.h">
      <Filter>Game\GObject\Ui</Filter>
    </ClInclude>
    <ClInclude Include="UiManager.h">
      <Filter>Game\GObject\Ui</Filter>
    </ClInclude>
    <ClInclude Include="PanelUi.h">
      <Filter>Game\GObject\Ui\PanelUi</Filter>
    </ClInclude>
    <ClInclude Include="ButtonUi.h">
      <Filter>Game\GObject\Ui\ButtonUi</Filter>
    </ClInclude>
    <ClInclude Include="ImageUi.h">
      <Filter>Game\GObject\Ui\ImageUi</Filter>
    </ClInclude>
    <ClInclude Include="Scene_Tool.h">
      <Filter>Game\Scene\Scene_Tool</Filter>
    </ClInclude>
    <ClInclude Include="Sprite.h">
      <Filter>Game\Component\Sprite</Filter>
    </ClInclude>
    <ClInclude Include="Director_Scene_Tool.h">
      <Filter>Game\Scene\Scene_Tool</Filter>
    </ClInclude>
    <ClInclude Include="TileEditUi.h">
      <Filter>Game\Scene\Scene_Tool</Filter>
    </ClInclude>
    <ClInclude Include="Director_Scene_Title.h">
      <Filter>Game\Scene\Scene_Title</Filter>
    </ClInclude>
    <ClInclude Include="TileUi.h">
      <Filter>Game\Scene\Scene_Tool</Filter>
    </ClInclude>
    <ClInclude Include="Tile.h">
      <Filter>Game\GObject\RealObject\Tile</Filter>
    </ClInclude>
    <ClInclude Include="Background.h">
      <Filter>Game\GObject\RealObject\Background</Filter>
    </ClInclude>
    <ClInclude Include="InvisibleWall.h">
      <Filter>Game\GObject\RealObject\InvisibleWall</Filter>
    </ClInclude>
    <ClInclude Include="InvisibleWallEditFrame.h">
      <Filter>Game\Scene\Scene_Tool</Filter>
    </ClInclude>
    <ClInclude Include="FrameSizer.h">
      <Filter>Game\Scene\Scene_Tool</Filter>
    </ClInclude>
    <ClInclude Include="FileManager.h">
      <Filter>Game\FileManager</Filter>
    </ClInclude>
    <ClInclude Include="ISavable.h">
      <Filter>Game\FileManager</Filter>
    </ClInclude>
    <ClInclude Include="DXClass.h">
      <Filter>Module</Filter>
    </ClInclude>
    <ClInclude Include="Game.h">
      <Filter>Game</Filter>
    </ClInclude>
    <ClInclude Include="Background_Title.h">
      <Filter>Game\Scene\Scene_Title</Filter>
    </ClInclude>
    <ClInclude Include="TitleText_Title.h">
      <Filter>Game\Scene\Scene_Title</Filter>
    </ClInclude>
    <ClInclude Include="ExitBtn.h">
      <Filter>Game\Scene\Scene_Title</Filter>
    </ClInclude>
    <ClInclude Include="NewGameBtn_Title.h">
      <Filter>Game\Scene\Scene_Title</Filter>
    </ClInclude>
    <ClInclude Include="UiAnimation.h">
      <Filter>Game\Component\Animator</Filter>
    </ClInclude>
    <ClInclude Include="RealObjectAnimation.h">
      <Filter>Game\Component\Animator</Filter>
    </ClInclude>
    <ClInclude Include="UiAnimator.h">
      <Filter>Game\Component\Animator</Filter>
    </ClInclude>
    <ClInclude Include="RealObjectAnimator.h">
      <Filter>Game\Component\Animator</Filter>
    </ClInclude>
    <ClInclude Include="Interactor.h">
      <Filter>Game\Component\Interactor</Filter>
    </ClInclude>
    <ClInclude Include="TimerUi.h">
      <Filter>Game\GObject\Ui</Filter>
    </ClInclude>
    <ClInclude Include="ControlComponent.h">
      <Filter>Game\Component\ControlComponent</Filter>
    </ClInclude>
    <ClInclude Include="PlayerControlComponent.h">
      <Filter>Game\Component\ControlComponent</Filter>
    </ClInclude>
    <ClInclude Include="PhysicsComponent.h">
      <Filter>Game\Component\PhysicsComponent</Filter>
    </ClInclude>
    <ClInclude Include="Director_Scene_01.h">
      <Filter>Game\Scene\Scene_01</Filter>
    </ClInclude>
  </ItemGroup>
  <ItemGroup>
    <Image Include="small.ico">
      <Filter>Default</Filter>
    </Image>
    <Image Include="Win32Program.ico">
      <Filter>Default</Filter>
    </Image>
  </ItemGroup>
  <ItemGroup>
    <ResourceCompile Include="Win32Program.rc">
      <Filter>Default</Filter>
    </ResourceCompile>
  </ItemGroup>
  <ItemGroup>
    <ClCompile Include="Win32Program.cpp" />
    <ClCompile Include="Core.cpp">
      <Filter>Game</Filter>
    </ClCompile>
    <ClCompile Include="Time.cpp">
      <Filter>Game</Filter>
    </ClCompile>
    <ClCompile Include="KeyManager.cpp">
      <Filter>Game</Filter>
    </ClCompile>
    <ClCompile Include="Scene_Title.cpp">
      <Filter>Game\Scene\Scene_Title</Filter>
    </ClCompile>
    <ClCompile Include="Scene_01.cpp">
      <Filter>Game\Scene\Scene_01</Filter>
    </ClCompile>
    <ClCompile Include="Player.cpp">
      <Filter>Game\GObject\RealObject\Player</Filter>
    </ClCompile>
    <ClCompile Include="GObject.cpp">
      <Filter>Game\GObject</Filter>
    </ClCompile>
    <ClCompile Include="Scene.cpp">
      <Filter>Game\Scene</Filter>
    </ClCompile>
    <ClCompile Include="Monster.cpp">
      <Filter>Game\GObject\RealObject\Monster</Filter>
    </ClCompile>
    <ClCompile Include="Missile.cpp">
      <Filter>Game\GObject\RealObject\Missile</Filter>
    </ClCompile>
    <ClCompile Include="Texture.cpp">
      <Filter>Game\Res\Texture</Filter>
    </ClCompile>
    <ClCompile Include="Res.cpp">
      <Filter>Game\Res</Filter>
    </ClCompile>
    <ClCompile Include="ResManager.cpp">
      <Filter>Game\Res</Filter>
    </ClCompile>
    <ClCompile Include="PathManager.cpp">
      <Filter>Game\PathManager</Filter>
    </ClCompile>
    <ClCompile Include="SceneManager.cpp">
      <Filter>Game\Scene</Filter>
    </ClCompile>
    <ClCompile Include="Collider.cpp">
      <Filter>Game\Component\Collider</Filter>
    </ClCompile>
    <ClCompile Include="SelectGdi.cpp">
      <Filter>Module</Filter>
    </ClCompile>
    <ClCompile Include="CollisionManager.cpp">
      <Filter>Game\Component\Collider</Filter>
    </ClCompile>
    <ClCompile Include="EventManager.cpp">
      <Filter>Game\EventManager</Filter>
    </ClCompile>
    <ClCompile Include="function.cpp">
      <Filter>Game</Filter>
    </ClCompile>
    <ClCompile Include="Animation.cpp">
      <Filter>Game\Component\Animator</Filter>
    </ClCompile>
    <ClCompile Include="Animator.cpp">
      <Filter>Game\Component\Animator</Filter>
    </ClCompile>
    <ClCompile Include="Camera.cpp">
      <Filter>Game\Camera</Filter>
    </ClCompile>
    <ClCompile Include="RealObject.cpp">
      <Filter>Game\GObject\RealObject</Filter>
    </ClCompile>
    <ClCompile Include="Ui.cpp">
      <Filter>Game\GObject\Ui</Filter>
    </ClCompile>
    <ClCompile Include="UiManager.cpp">
      <Filter>Game\GObject\Ui</Filter>
    </ClCompile>
    <ClCompile Include="PanelUi.cpp">
      <Filter>Game\GObject\Ui\PanelUi</Filter>
    </ClCompile>
    <ClCompile Include="ButtonUi.cpp">
      <Filter>Game\GObject\Ui\ButtonUi</Filter>
    </ClCompile>
    <ClCompile Include="ImageUi.cpp">
      <Filter>Game\GObject\Ui\ImageUi</Filter>
    </ClCompile>
    <ClCompile Include="Scene_Tool.cpp">
      <Filter>Game\Scene\Scene_Tool</Filter>
    </ClCompile>
    <ClCompile Include="Sprite.cpp">
      <Filter>Game\Component\Sprite</Filter>
    </ClCompile>
    <ClCompile Include="Director_Scene_Tool.cpp">
      <Filter>Game\Scene\Scene_Tool</Filter>
    </ClCompile>
    <ClCompile Include="TileEditUi.cpp">
      <Filter>Game\Scene\Scene_Tool</Filter>
    </ClCompile>
    <ClCompile Include="Director_Scene_Title.cpp">
      <Filter>Game\Scene\Scene_Title</Filter>
    </ClCompile>
    <ClCompile Include="TileUi.cpp">
      <Filter>Game\Scene\Scene_Tool</Filter>
    </ClCompile>
    <ClCompile Include="Tile.cpp">
      <Filter>Game\GObject\RealObject\Tile</Filter>
    </ClCompile>
    <ClCompile Include="Background.cpp">
      <Filter>Game\GObject\RealObject\Background</Filter>
    </ClCompile>
    <ClCompile Include="InvisibleWall.cpp">
      <Filter>Game\GObject\RealObject\InvisibleWall</Filter>
    </ClCompile>
    <ClCompile Include="InvisibleWallEditFrame.cpp">
      <Filter>Game\Scene\Scene_Tool</Filter>
    </ClCompile>
    <ClCompile Include="FrameSizer.cpp">
      <Filter>Game\Scene\Scene_Tool</Filter>
    </ClCompile>
    <ClCompile Include="FileManager.cpp">
      <Filter>Game\FileManager</Filter>
    </ClCompile>
    <ClCompile Include="ISavable.cpp">
      <Filter>Game\FileManager</Filter>
    </ClCompile>
    <ClCompile Include="DXClass.cpp">
      <Filter>Module</Filter>
    </ClCompile>
    <ClCompile Include="Game.cpp">
      <Filter>Game</Filter>
    </ClCompile>
    <ClCompile Include="Background_Title.cpp">
      <Filter>Game\Scene\Scene_Title</Filter>
    </ClCompile>
    <ClCompile Include="TitleText_Title.cpp">
      <Filter>Game\Scene\Scene_Title</Filter>
    </ClCompile>
    <ClCompile Include="ExitBtn.cpp">
      <Filter>Game\Scene\Scene_Title</Filter>
    </ClCompile>
    <ClCompile Include="NewGameBtn_Title.cpp">
      <Filter>Game\Scene\Scene_Title</Filter>
    </ClCompile>
    <ClCompile Include="UiAnimation.cpp">
      <Filter>Game\Component\Animator</Filter>
    </ClCompile>
    <ClCompile Include="RealObjectAnimation.cpp">
      <Filter>Game\Component\Animator</Filter>
    </ClCompile>
    <ClCompile Include="RealObjectAnimator.cpp">
      <Filter>Game\Component\Animator</Filter>
    </ClCompile>
    <ClCompile Include="UiAnimator.cpp">
      <Filter>Game\Component\Animator</Filter>
    </ClCompile>
    <ClCompile Include="Interactor.cpp">
      <Filter>Game\Component\Interactor</Filter>
    </ClCompile>
    <ClCompile Include="TimerUi.cpp">
      <Filter>Game\GObject\Ui</Filter>
    </ClCompile>
    <ClCompile Include="ControlComponent.cpp">
      <Filter>Game\Component\ControlComponent</Filter>
    </ClCompile>
    <ClCompile Include="PlayerControlComponent.cpp">
      <Filter>Game\Component\ControlComponent</Filter>
    </ClCompile>
    <ClCompile Include="PhysicsComponent.cpp">
      <Filter>Game\Component\PhysicsComponent</Filter>
    </ClCompile>
    <ClCompile Include="Director_Scene_01.cpp">
      <Filter>Game\Scene\Scene_01</Filter>
    </ClCompile>
  </ItemGroup>
</Project>